{
  "requires": true,
  "lockfileVersion": 1,
  "dependencies": {
    "bindings": {
      "version": "1.3.0",
      "resolved": "https://registry.npmjs.org/bindings/-/bindings-1.3.0.tgz",
      "integrity": "sha512-DpLh5EzMR2kzvX1KIlVC0VkC3iZtHKTgdtZ0a3pglBZdaQFjt5S9g9xd1lE+YvXyfd6mtCeRnrUfOLYiTMlNSw=="
    },
    "bluebird": {
      "version": "3.5.1",
      "resolved": "https://registry.npmjs.org/bluebird/-/bluebird-3.5.1.tgz",
      "integrity": "sha512-MKiLiV+I1AA596t9w1sQJ8jkiSr5+ZKi0WKrYGUn6d1Fx+Ij4tIj+m2WMQSGczs5jZVxV339chE8iwk6F64wjA=="
    },
    "decimal-to-binary-converter": {
      "version": "1.0.2",
      "resolved": "https://registry.npmjs.org/decimal-to-binary-converter/-/decimal-to-binary-converter-1.0.2.tgz",
      "integrity": "sha1-GWxOikiaxFvzyKQqFb02Wn0Bud4=",
      "requires": {
        "lodash": "4.17.10"
      }
    },
    "epoll": {
      "version": "2.0.1",
      "resolved": "https://registry.npmjs.org/epoll/-/epoll-2.0.1.tgz",
      "integrity": "sha512-BkaCu6dpfGZqiGockN6bf0pQYUdHNjKOWflOMuYNB+JnHq+SgpBQyWE7jWOWExsGVGp99A12R16WpoBZV/0UwQ==",
      "requires": {
        "bindings": "1.3.0",
        "nan": "2.10.0"
      }
    },
    "lodash": {
      "version": "4.17.10",
      "resolved": "https://registry.npmjs.org/lodash/-/lodash-4.17.10.tgz",
      "integrity": "sha512-UejweD1pDoXu+AD825lWwp4ZGtSwgnpZxb3JDViD7StjQz+Nb/6l093lx4OQ0foGWNRoc19mWy7BzL+UAK2iVg=="
    },
    "lodash.debounce": {
      "version": "4.0.8",
      "resolved": "https://registry.npmjs.org/lodash.debounce/-/lodash.debounce-4.0.8.tgz",
      "integrity": "sha1-gteb/zCmfEAF/9XiUVMArZyk168="
    },
    "nan": {
      "version": "2.10.0",
      "resolved": "https://registry.npmjs.org/nan/-/nan-2.10.0.tgz",
      "integrity": "sha512-bAdJv7fBLhWC+/Bls0Oza+mvTaNQtP+1RyhhhvD95pgUJz6XM5IzgmxOkItJ9tkoCiplvAnXI1tNmmUD/eScyA=="
    },
    "pigpio": {
      "version": "1.1.0",
      "resolved": "https://registry.npmjs.org/pigpio/-/pigpio-1.1.0.tgz",
      "integrity": "sha512-o21VbdElU+jIHecA6DmsByWC2qBBJGreOm2cKNK1IWz4IwfVTB3g1sRFubJaWJu4FKva+TdiSOtWlDctOM35tA==",
      "requires": {
        "bindings": "1.3.0",
        "nan": "2.10.0"
      }
    },
    "raspi": {
      "version": "5.0.2",
      "resolved": "https://registry.npmjs.org/raspi/-/raspi-5.0.2.tgz",
      "integrity": "sha512-rygTYAP8sGz29aeSMTA5p+j7CgwKC9qFLDRClkZHp2c/nrMhwjsLaxELCODR1w0f39c/kj/7DirYaYVEiwbMjQ=="
    },
    "raspi-board": {
      "version": "5.3.0",
      "resolved": "https://registry.npmjs.org/raspi-board/-/raspi-board-5.3.0.tgz",
      "integrity": "sha512-e5PUnaP1Xxys2k/OL33XwtzRtHTqtrn6QuvBXfS8dSENc4HTEfgKTNgSq/kwPtzEVYXek+IKw3zbRo//ceJ4Iw=="
    },
    "raspi-gpio": {
      "version": "6.0.0",
      "resolved": "https://registry.npmjs.org/raspi-gpio/-/raspi-gpio-6.0.0.tgz",
      "integrity": "sha512-LLtBG84jGfZlPkm5tUT0zMB+EDuNer1klboI9tzB14ILLYi4+FyYcM3fcT77OvE7loyFyd4JbNSrn0TLhx5F5w==",
      "requires": {
        "pigpio": "1.1.0",
        "raspi-board": "5.3.0",
        "raspi-peripheral": "2.0.1"
      }
    },
    "raspi-peripheral": {
      "version": "2.0.1",
      "resolved": "https://registry.npmjs.org/raspi-peripheral/-/raspi-peripheral-2.0.1.tgz",
      "integrity": "sha512-SzCix2YJAVdRhK20aQIzaW/ERUr+Ybrr//iVCk0jcdA3/DjSL54ScM+qf3mOf1QVjWcukvxC1uvjMY94WCSpzg==",
      "requires": {
        "raspi-board": "5.3.0"
      }
    },
    "raspi-pwm": {
      "version": "6.0.0",
      "resolved": "https://registry.npmjs.org/raspi-pwm/-/raspi-pwm-6.0.0.tgz",
      "integrity": "sha512-d8fN7ZhREAPQSjgytia1DMgFWz+OeariLaESl6aE6lBM1F9LSQY9OU1ffvYBoggmTJ94kySQJt+BUT2c2efI0g==",
      "requires": {
        "pigpio": "1.1.0",
        "raspi-peripheral": "2.0.1"
      }
    }
  }
}
